
Microsoft Visual Studio Solution File, Format Version 12.00
# Visual Studio 2010
Project("{FAE04EC0-301F-11D3-BF4B-00C04F79EFBC}") = "Web", "Web\Web.csproj", "{38644A78-C669-42C5-88AB-FF29C0C244CF}"
EndProject
Project("{FAE04EC0-301F-11D3-BF4B-00C04F79EFBC}") = "Sunshine.Business", "Business\Sunshine.Business.csproj", "{1E04109E-B897-4501-952B-A9EE719D0798}"
EndProject
Project("{E24C65DC-7377-472B-9ABA-BC803B73C61A}") = "prototype", "prototype\", "{C82FC90E-A583-48D3-958C-7459CEA14DED}"
	ProjectSection(WebsiteProperties) = preProject
		TargetFrameworkMoniker = ".NETFramework,Version%3Dv4.0"
		Debug.AspNetCompiler.VirtualPath = "/prototype"
		Debug.AspNetCompiler.PhysicalPath = "prototype\"
		Debug.AspNetCompiler.TargetPath = "PrecompiledWeb\prototype\"
		Debug.AspNetCompiler.Updateable = "true"
		Debug.AspNetCompiler.ForceOverwrite = "true"
		Debug.AspNetCompiler.FixedNames = "false"
		Debug.AspNetCompiler.Debug = "True"
		Release.AspNetCompiler.VirtualPath = "/prototype"
		Release.AspNetCompiler.PhysicalPath = "prototype\"
		Release.AspNetCompiler.TargetPath = "PrecompiledWeb\prototype\"
		Release.AspNetCompiler.Updateable = "true"
		Release.AspNetCompiler.ForceOverwrite = "true"
		Release.AspNetCompiler.FixedNames = "false"
		Release.AspNetCompiler.Debug = "False"
		VWDPort = "18626"
	EndProjectSection
EndProject
Project("{2150E333-8FDC-42A3-9474-1A3956D46DE8}") = "script", "script", "{7E10B183-96D3-441C-83B4-4C55C642A952}"
	ProjectSection(SolutionItems) = preProject
		scripts\searchproduct.sql = scripts\searchproduct.sql
	EndProjectSection
EndProject
Global
	GlobalSection(SolutionConfigurationPlatforms) = preSolution
		Debug|Any CPU = Debug|Any CPU
		Release|Any CPU = Release|Any CPU
	EndGlobalSection
	GlobalSection(ProjectConfigurationPlatforms) = postSolution
		{38644A78-C669-42C5-88AB-FF29C0C244CF}.Debug|Any CPU.ActiveCfg = Debug|Any CPU
		{38644A78-C669-42C5-88AB-FF29C0C244CF}.Debug|Any CPU.Build.0 = Debug|Any CPU
		{38644A78-C669-42C5-88AB-FF29C0C244CF}.Release|Any CPU.ActiveCfg = Release|Any CPU
		{38644A78-C669-42C5-88AB-FF29C0C244CF}.Release|Any CPU.Build.0 = Release|Any CPU
		{1E04109E-B897-4501-952B-A9EE719D0798}.Debug|Any CPU.ActiveCfg = Debug|Any CPU
		{1E04109E-B897-4501-952B-A9EE719D0798}.Debug|Any CPU.Build.0 = Debug|Any CPU
		{1E04109E-B897-4501-952B-A9EE719D0798}.Release|Any CPU.ActiveCfg = Release|Any CPU
		{1E04109E-B897-4501-952B-A9EE719D0798}.Release|Any CPU.Build.0 = Release|Any CPU
		{C82FC90E-A583-48D3-958C-7459CEA14DED}.Debug|Any CPU.ActiveCfg = Debug|Any CPU
		{C82FC90E-A583-48D3-958C-7459CEA14DED}.Debug|Any CPU.Build.0 = Debug|Any CPU
		{C82FC90E-A583-48D3-958C-7459CEA14DED}.Release|Any CPU.ActiveCfg = Debug|Any CPU
		{C82FC90E-A583-48D3-958C-7459CEA14DED}.Release|Any CPU.Build.0 = Debug|Any CPU
	EndGlobalSection
	GlobalSection(SolutionProperties) = preSolution
		HideSolutionNode = FALSE
	EndGlobalSection
EndGlobal
