
Microsoft Visual Studio Solution File, Format Version 11.00
# Visual Studio 2010
Project("{FAE04EC0-301F-11D3-BF4B-00C04F79EFBC}") = "Sunshine", "Web\Web.csproj", "{38644A78-C669-42C5-88AB-FF29C0C244CF}"
EndProject
Global
	GlobalSection(SolutionConfigurationPlatforms) = preSolution
		Debug|Any CPU = Debug|Any CPU
		Release|Any CPU = Release|Any CPU
	EndGlobalSection
	GlobalSection(ProjectConfigurationPlatforms) = postSolution
		{38644A78-C669-42C5-88AB-FF29C0C244CF}.Debug|Any CPU.ActiveCfg = Debug|Any CPU
		{38644A78-C669-42C5-88AB-FF29C0C244CF}.Debug|Any CPU.Build.0 = Debug|Any CPU
		{38644A78-C669-42C5-88AB-FF29C0C244CF}.Release|Any CPU.ActiveCfg = Release|Any CPU
		{38644A78-C669-42C5-88AB-FF29C0C244CF}.Release|Any CPU.Build.0 = Release|Any CPU
	EndGlobalSection
	GlobalSection(SolutionProperties) = preSolution
		HideSolutionNode = FALSE
	EndGlobalSection
EndGlobal
